
Microsoft Visual Studio Solution File, Format Version 12.00
# Visual Studio Version 17
VisualStudioVersion = 17.9.34728.123
MinimumVisualStudioVersion = 10.0.40219.1
Project("{FAE04EC0-301F-11D3-BF4B-00C04F79EFBC}") = "WpfApp22", "WpfApp22\WpfApp22.csproj", "{72FC89F8-2895-4558-84BF-C2B4139BEEDA}"
EndProject
Global
	GlobalSection(SolutionConfigurationPlatforms) = preSolution
		Debug|Any CPU = Debug|Any CPU
		Release|Any CPU = Release|Any CPU
	EndGlobalSection
	GlobalSection(ProjectConfigurationPlatforms) = postSolution
		{72FC89F8-2895-4558-84BF-C2B4139BEEDA}.Debug|Any CPU.ActiveCfg = Debug|Any CPU
		{72FC89F8-2895-4558-84BF-C2B4139BEEDA}.Debug|Any CPU.Build.0 = Debug|Any CPU
		{72FC89F8-2895-4558-84BF-C2B4139BEEDA}.Release|Any CPU.ActiveCfg = Release|Any CPU
		{72FC89F8-2895-4558-84BF-C2B4139BEEDA}.Release|Any CPU.Build.0 = Release|Any CPU
	EndGlobalSection
	GlobalSection(SolutionProperties) = preSolution
		HideSolutionNode = FALSE
	EndGlobalSection
	GlobalSection(ExtensibilityGlobals) = postSolution
		SolutionGuid = {ECE031A0-2C60-41BB-86AC-138F8A913A93}
	EndGlobalSection
EndGlobal
